
Microsoft Visual Studio Solution File, Format Version 12.00
# Visual Studio Version 17
VisualStudioVersion = 17.6.33723.286
MinimumVisualStudioVersion = 10.0.40219.1
Project("{FAE04EC0-301F-11D3-BF4B-00C04F79EFBC}") = "WorkSpaceBooking1", "WorkSpaceBooking1.csproj", "{13695641-C2D4-4EEE-9AA6-A70157791842}"
EndProject
Global
	GlobalSection(SolutionConfigurationPlatforms) = preSolution
		Debug|Any CPU = Debug|Any CPU
		Release|Any CPU = Release|Any CPU
	EndGlobalSection
	GlobalSection(ProjectConfigurationPlatforms) = postSolution
		{13695641-C2D4-4EEE-9AA6-A70157791842}.Debug|Any CPU.ActiveCfg = Debug|Any CPU
		{13695641-C2D4-4EEE-9AA6-A70157791842}.Debug|Any CPU.Build.0 = Debug|Any CPU
		{13695641-C2D4-4EEE-9AA6-A70157791842}.Release|Any CPU.ActiveCfg = Release|Any CPU
		{13695641-C2D4-4EEE-9AA6-A70157791842}.Release|Any CPU.Build.0 = Release|Any CPU
	EndGlobalSection
	GlobalSection(SolutionProperties) = preSolution
		HideSolutionNode = FALSE
	EndGlobalSection
	GlobalSection(ExtensibilityGlobals) = postSolution
		SolutionGuid = {F641031E-90BD-403E-B231-1BB18A38C19C}
	EndGlobalSection
EndGlobal
